
Microsoft Visual Studio Solution File, Format Version 12.00
# Visual Studio Version 17
VisualStudioVersion = 17.0.32112.339
MinimumVisualStudioVersion = 10.0.40219.1
Project("{FAE04EC0-301F-11D3-BF4B-00C04F79EFBC}") = "Program 3", "Program 3\Program 3.csproj", "{42573378-8D60-4394-BD74-FBBB8D82ADBF}"
EndProject
Global
	GlobalSection(SolutionConfigurationPlatforms) = preSolution
		Debug|Any CPU = Debug|Any CPU
		Release|Any CPU = Release|Any CPU
	EndGlobalSection
	GlobalSection(ProjectConfigurationPlatforms) = postSolution
		{42573378-8D60-4394-BD74-FBBB8D82ADBF}.Debug|Any CPU.ActiveCfg = Debug|Any CPU
		{42573378-8D60-4394-BD74-FBBB8D82ADBF}.Debug|Any CPU.Build.0 = Debug|Any CPU
		{42573378-8D60-4394-BD74-FBBB8D82ADBF}.Release|Any CPU.ActiveCfg = Release|Any CPU
		{42573378-8D60-4394-BD74-FBBB8D82ADBF}.Release|Any CPU.Build.0 = Release|Any CPU
	EndGlobalSection
	GlobalSection(SolutionProperties) = preSolution
		HideSolutionNode = FALSE
	EndGlobalSection
	GlobalSection(ExtensibilityGlobals) = postSolution
		SolutionGuid = {D3C5C47E-0D06-4802-B212-C96A4FB84D43}
	EndGlobalSection
EndGlobal
